# generated by rye
# use `rye lock` or `rye sync` to update this lockfile
#
# last locked with the following flags:
#   pre: false
#   features: []
#   all-features: false
#   with-sources: true

--index-url https://pypi.org/simple/

-e file:.
-e file:packages/py-tool
-e file:packages/src-glue
jinja2==3.1.3
    # via py-tool
markupsafe==2.1.5
    # via jinja2
